
Microsoft Visual Studio Solution File, Format Version 12.00
# Visual Studio Version 17
VisualStudioVersion = 17.12.35527.113 d17.12
MinimumVisualStudioVersion = 10.0.40219.1
Project("{FAE04EC0-301F-11D3-BF4B-00C04F79EFBC}") = "BEESHOP.AUTH.API", "BEESHOP.AUTH.API\BEESHOP.AUTH.API.csproj", "{736C2729-0553-4D91-88F5-18C0A2F30BD1}"
EndProject
Project("{FAE04EC0-301F-11D3-BF4B-00C04F79EFBC}") = "BEESHOP.AUTH.APPLICATION", "BEESHOP.AUTH.APPLICATION\BEESHOP.AUTH.APPLICATION.csproj", "{39283DB0-0308-4513-9990-335BF9E7F9E7}"
EndProject
Project("{FAE04EC0-301F-11D3-BF4B-00C04F79EFBC}") = "BEESHOP.AUTH.DOMAIN", "BEESHOP.AUTH.DOMAIN\BEESHOP.AUTH.DOMAIN.csproj", "{081AA1BD-52DC-4F18-BD84-D01C29BCAC71}"
EndProject
Project("{FAE04EC0-301F-11D3-BF4B-00C04F79EFBC}") = "BEESHOP.AUTH.PERSISTENCE", "BEESHOP.AUTH.PERSISTENCE\BEESHOP.AUTH.PERSISTENCE.csproj", "{4EE8978B-F52F-4740-A94A-BA4294327156}"
EndProject
Global
	GlobalSection(SolutionConfigurationPlatforms) = preSolution
		Debug|Any CPU = Debug|Any CPU
		Release|Any CPU = Release|Any CPU
	EndGlobalSection
	GlobalSection(ProjectConfigurationPlatforms) = postSolution
		{736C2729-0553-4D91-88F5-18C0A2F30BD1}.Debug|Any CPU.ActiveCfg = Debug|Any CPU
		{736C2729-0553-4D91-88F5-18C0A2F30BD1}.Debug|Any CPU.Build.0 = Debug|Any CPU
		{736C2729-0553-4D91-88F5-18C0A2F30BD1}.Release|Any CPU.ActiveCfg = Release|Any CPU
		{736C2729-0553-4D91-88F5-18C0A2F30BD1}.Release|Any CPU.Build.0 = Release|Any CPU
		{39283DB0-0308-4513-9990-335BF9E7F9E7}.Debug|Any CPU.ActiveCfg = Debug|Any CPU
		{39283DB0-0308-4513-9990-335BF9E7F9E7}.Debug|Any CPU.Build.0 = Debug|Any CPU
		{39283DB0-0308-4513-9990-335BF9E7F9E7}.Release|Any CPU.ActiveCfg = Release|Any CPU
		{39283DB0-0308-4513-9990-335BF9E7F9E7}.Release|Any CPU.Build.0 = Release|Any CPU
		{081AA1BD-52DC-4F18-BD84-D01C29BCAC71}.Debug|Any CPU.ActiveCfg = Debug|Any CPU
		{081AA1BD-52DC-4F18-BD84-D01C29BCAC71}.Debug|Any CPU.Build.0 = Debug|Any CPU
		{081AA1BD-52DC-4F18-BD84-D01C29BCAC71}.Release|Any CPU.ActiveCfg = Release|Any CPU
		{081AA1BD-52DC-4F18-BD84-D01C29BCAC71}.Release|Any CPU.Build.0 = Release|Any CPU
		{4EE8978B-F52F-4740-A94A-BA4294327156}.Debug|Any CPU.ActiveCfg = Debug|Any CPU
		{4EE8978B-F52F-4740-A94A-BA4294327156}.Debug|Any CPU.Build.0 = Debug|Any CPU
		{4EE8978B-F52F-4740-A94A-BA4294327156}.Release|Any CPU.ActiveCfg = Release|Any CPU
		{4EE8978B-F52F-4740-A94A-BA4294327156}.Release|Any CPU.Build.0 = Release|Any CPU
	EndGlobalSection
	GlobalSection(SolutionProperties) = preSolution
		HideSolutionNode = FALSE
	EndGlobalSection
EndGlobal
